
Microsoft Visual Studio Solution File, Format Version 12.00
# Visual Studio Version 17
VisualStudioVersion = 17.7.34003.232
MinimumVisualStudioVersion = 10.0.40219.1
Project("{FAE04EC0-301F-11D3-BF4B-00C04F79EFBC}") = "MagyarOAdatBazisLetrehozas", "MagyarOAdatBazisLetrehozas.csproj", "{67835878-9F5D-45D0-B423-9B1CBD489542}"
EndProject
Project("{FAE04EC0-301F-11D3-BF4B-00C04F79EFBC}") = "MOABLetreHozTest", "..\MOABLetreHozTest\MOABLetreHozTest.csproj", "{26098623-3234-4A9C-8A59-8FBEBAF054B7}"
EndProject
Global
	GlobalSection(SolutionConfigurationPlatforms) = preSolution
		Debug|Any CPU = Debug|Any CPU
		Release|Any CPU = Release|Any CPU
	EndGlobalSection
	GlobalSection(ProjectConfigurationPlatforms) = postSolution
		{67835878-9F5D-45D0-B423-9B1CBD489542}.Debug|Any CPU.ActiveCfg = Debug|Any CPU
		{67835878-9F5D-45D0-B423-9B1CBD489542}.Debug|Any CPU.Build.0 = Debug|Any CPU
		{67835878-9F5D-45D0-B423-9B1CBD489542}.Release|Any CPU.ActiveCfg = Release|Any CPU
		{67835878-9F5D-45D0-B423-9B1CBD489542}.Release|Any CPU.Build.0 = Release|Any CPU
		{26098623-3234-4A9C-8A59-8FBEBAF054B7}.Debug|Any CPU.ActiveCfg = Debug|Any CPU
		{26098623-3234-4A9C-8A59-8FBEBAF054B7}.Debug|Any CPU.Build.0 = Debug|Any CPU
		{26098623-3234-4A9C-8A59-8FBEBAF054B7}.Release|Any CPU.ActiveCfg = Release|Any CPU
		{26098623-3234-4A9C-8A59-8FBEBAF054B7}.Release|Any CPU.Build.0 = Release|Any CPU
	EndGlobalSection
	GlobalSection(SolutionProperties) = preSolution
		HideSolutionNode = FALSE
	EndGlobalSection
	GlobalSection(ExtensibilityGlobals) = postSolution
		SolutionGuid = {441347CC-020A-4ED0-8F68-B0F44B4F0D36}
	EndGlobalSection
EndGlobal
